{
  "name": "mendakivolunteers",
  "version": "0.1.0",
  "lockfileVersion": 3,
  "requires": true,
  "packages": {
    "": {
      "name": "mendakivolunteers",
      "version": "0.1.0",
      "dependencies": {
        "@supabase/ssr": "0.12.4",
        "@supabase/supabase-js": "2.111.0",
        "cheerio": "1.2.0",
        "next": "16.2.12",
        "react": "19.2.8",
        "react-dom": "19.2.8",
        "sharp": "0.35.3",
        "zod": "4.4.3"
      },
      "devDependencies": {
        "@types/node": "22.20.1",
        "@types/react": "19.2.17",
        "@types/react-dom": "19.2.3",
        "eslint": "9.39.5",
        "eslint-config-next": "16.2.12",
        "supabase": "2.110.0",
        "typescript": "5.9.3",
        "vitest": "4.1.10"
      },
      "engines": {
        "node": "24.x",
        "npm": ">=10 <12"
      }
    },
    "node_modules/@babel/code-frame": {
      "version": "7.29.7",
      "resolved": "https://registry.npmjs.org/@babel/code-frame/-/code-frame-7.29.7.tgz",
      "integrity": "sha512-Aup7aUOfpbAUg2ROOJN6Iw5f9DMBlzu0mIkm/malLQFN/YQgO48wCj0Kxa3sEHJvPVFg7siR+qRInwXd2qhQKw==",
      "dev": true,
      "license": "MIT",
      "dependencies": {
        "@babel/helper-validator-identifier": "^7.29.7",
        "js-tokens": "^4.0.0",
        "picocolors": "^1.1.1"
      },
      "engines": {
        "node": ">=6.9.0"
      }
    },
    "node_modules/@babel/compat-data": {
      "version": "7.29.7",
      "resolved": "https://registry.npmjs.org/@babel/compat-data/-/compat-data-7.29.7.tgz",
      "integrity": "sha512-locTkQyKvwIEgBzVrn8693ebc97F2U8ZHjbXwDXJ5Fn2TCpNwTlKcaKLkdHop5c/icOFE7qt7Q9JC5hnKNa6Gg==",
      "dev": true,
      "license": "MIT",
      "engines": {
        "node": ">=6.9.0"
      }
    },
    "node_modules/@babel/core": {
      "version": "7.29.7",
      "resolved": "https://registry.npmjs.org/@babel/core/-/core-7.29.7.tgz",
      "integrity": "sha512-RgHBCvtjbOK2gXSNBNIkNoEc9qoVEtau3hj8gEqKQuL3HZAibKarWFEI3Lfm6EYKkLalOh8eSrj9b+ch9H/VBA==",
      "dev": true,
      "license": "MIT",
      "dependencies": {
        "@babel/code-frame": "^7.29.7",
        "@babel/generator": "^7.29.7",
        "@babel/helper-compilation-targets": "^7.29.7",
        "@babel/helper-module-transforms": "^7.29.7",
        "@babel/helpers": "^7.29.7",
        "@babel/parser": "^7.29.7",
        "@babel/template": "^7.29.7",
        "@babel/traverse": "^7.29.7",
        "@babel/types": "^7.29.7",
        "@jridgewell/remapping": "^2.3.5",
        "convert-source-map": "^2.0.0",
        "debug": "^4.1.0",
        "gensync": "^1.0.0-beta.2",
        "json5": "^2.2.3",
        "semver": "^6.3.1"
      },
      "engines": {
        "node": ">=6.9.0"
      },
      "funding": {
        "type": "opencollective",
        "url": "https://opencollective.com/babel"
      }
    },
    "node_modules/@babel/generator": {
      "version": "7.29.7",
      "resolved": "https://registry.npmjs.org/@babel/generator/-/generator-7.29.7.tgz",
      "integrity": "sha512-DkXD5OJQaAQIdZ1bt3UZdEnHAn9Imd3IVBdX03UFe+ony9Ojw5pzr9YVKGDY1jt+Gcn/FnGkNf8r+Vj5NOJWtQ==",
      "dev": true,
      "license": "MIT",
      "dependencies": {
        "@babel/parser": "^7.29.7",
        "@babel/types": "^7.29.7",
        "@jridgewell/gen-mapping": "^0.3.12",
        "@jridgewell/trace-mapping": "^0.3.28",
        "jsesc": "^3.0.2"
      },
      "engines": {
        "node": ">=6.9.0"
      }
    },
    "node_modules/@babel/helper-compilation-targets": {
      "version": "7.29.7",
      "resolved": "https://registry.npmjs.org/@babel/helper-compilation-targets/-/helper-compilation-targets-7.29.7.tgz",
      "integrity": "sha512-wem6WaBj4NaVYVdNhLPPVacES6ZJ+KBBfSkTMD3YZxbP3rm3Di85tJU5ljaUNhaOynt+Aj0xruhYuzQBt8n71g==",
      "dev": true,
      "license": "MIT",
      "dependencies": {
        "@babel/compat-data": "^7.29.7",
        "@babel/helper-validator-option": "^7.29.7",
        "browserslist": "^4.24.0",
        "lru-cache": "^5.1.1",
        "semver": "^6.3.1"
      },
      "engines": {
        "node": ">=6.9.0"
      }
    },
    "node_modules/@babel/helper-globals": {
      "version": "7.29.7",
      "resolved": "https://registry.npmjs.org/@babel/helper-globals/-/helper-globals-7.29.7.tgz",
      "integrity": "sha512-3nQVUAtvkKH9zahfWgw96Jc/uFOmjACE1kQz82E2lqWmHBgjzbNlsC22nuQTfahmWeQtTq5nQ/4Nnd2A1wj4zA==",
      "dev": true,
      "license": "MIT",
      "engines": {
        "node": ">=6.9.0"
      }
    },
    "node_modules/@babel/helper-module-imports": {
      "version": "7.29.7",
      "resolved": "https://registry.npmjs.org/@babel/helper-module-imports/-/helper-module-imports-7.29.7.tgz",
      "integrity": "sha512-ejHwrQQYcm9xnTivShn2IDOlIzInN34AXskvq9QicvCtEzq1Vzclu/tKF8Jq1Cg8JG2GL6/EmjgsCT7lXepE3g==",
      "dev": true,
      "license": "MIT",
      "dependencies": {
        "@babel/traverse": "^7.29.7",
        "@babel/types": "^7.29.7"
      },
      "engines": {
        "node": ">=6.9.0"
      }
    },
    "node_modules/@babel/helper-module-transforms": {
      "version": "7.29.7",
      "resolved": "https://registry.npmjs.org/@babel/helper-module-transforms/-/helper-module-transforms-7.29.7.tgz",
      "integrity": "sha512-UPUVSyXbOh627KiCIGQSgwWzGeBKLkaJ9PJEdrngIwMSzxLR4jS4+f1f1jb7VzBbg8nFLaYotvVPFCTqdrmTAg==",
      "dev": true,
      "license": "MIT",
      "dependencies": {
        "@babel/helper-module-imports": "^7.29.7",
        "@babel/helper-validator-identifier": "^7.29.7",
        "@babel/traverse": "^7.29.7"
      },
      "engines": {
        "node": ">=6.9.0"
      },
      "peerDependencies": {
        "@babel/core": "^7.0.0"
      }
    },
    "node_modules/@babel/helper-string-parser": {
      "version": "7.29.7",
      "resolved": "https://registry.npmjs.org/@babel/helper-string-parser/-/helper-string-parser-7.29.7.tgz",
      "integrity": "sha512-Pb5ijPrZ89GDH8223L4UP8i6QApWxs04RbPQJTeWDV0/keR2E36MeKnyr6LYmUUvqRRI+Iv87SuF1W6ErINzYw==",
      "dev": true,
      "license": "MIT",
      "engines": {
        "node": ">=6.9.0"
      }
    },
    "node_modules/@babel/helper-validator-identifier": {
      "version": "7.29.7",
      "resolved": "https://registry.npmjs.org/@babel/helper-validator-identifier/-/helper-validator-identifier-7.29.7.tgz",
      "integrity": "sha512-qehxGkRj55h/ff8EMaJ+cYhyaKlHIxqYDn682wQD7RNp9UujOQsHog2uS0r2vzr4pW+sXf90NeeayjcNaX3fFg==",
      "dev": true,
      "license": "MIT",
      "engines": {
        "node": ">=6.9.0"
      }
    },
    "node_modules/@babel/helper-validator-option": {
      "version": "7.29.7",
      "resolved": "https://registry.npmjs.org/@babel/helper-validator-option/-/helper-validator-option-7.29.7.tgz",
      "integrity": "sha512-N9ZErrD+yW5geCDtBqnOoxmR8+tNKiGuxKlDpuJxfsqpa2dFcexaziGAE/qoHLiDDreVNMupxGmSoNlyvsA3gw==",
      "dev": true,
      "license": "MIT",
      "engines": {
        "node": ">=6.9.0"
      }
    },
    "node_modules/@babel/helpers": {
      "version": "7.29.7",
      "resolved": "https://registry.npmjs.org/@babel/helpers/-/helpers-7.29.7.tgz",
      "integrity": "sha512-1k2lAGRMfHTcwuNYcCNUmaUffmQv8KWMfh2iJUUeRlwlwH4FdNG7mfPI10NPfLHJFThE4Tyr4mv7kTNZOiPuBg==",
      "dev": true,
      "license": "MIT",
      "dependencies": {
        "@babel/template": "^7.29.7",
        "@babel/types": "^7.29.7"
      },
      "engines": {
        "node": ">=6.9.0"
      }
    },
    "node_modules/@babel/parser": {
      "version": "7.29.7",
      "resolved": "https://registry.npmjs.org/@babel/parser/-/parser-7.29.7.tgz",
      "integrity": "sha512-hnORnjP/1P/zFEndoeX+n+t1RwWRJiJpM/jO7FW32Kn9r5+sJB2JWOdYo4L6k78j15eCwY3Gm/7364B1EMwtNg==",
      "dev": true,
      "license": "MIT",
      "dependencies": {
        "@babel/types": "^7.29.7"
      },
      "bin": {
        "parser": "bin/babel-parser.js"
      },
      "engines": {
        "node": ">=6.0.0"
      }
    },
    "node_modules/@babel/template": {
      "version": "7.29.7",
      "resolved": "https://registry.npmjs.org/@babel/template/-/template-7.29.7.tgz",
      "integrity": "sha512-puq+Gf35oI24FeN11LkoUQFqv9uwNeWpxXZi/Ji3rRIoKAzKnxRaZ+Gkj0vKS9ZCiTESfng1N9LyOyXvo+m+Gg==",
      "dev": true,
      "license": "MIT",
      "dependencies": {
        "@babel/code-frame": "^7.29.7",
        "@babel/parser": "^7.29.7",
        "@babel/types": "^7.29.7"
      },
      "engines": {
        "node": ">=6.9.0"
      }
    },
    "node_modules/@babel/traverse": {
      "version": "7.29.7",
      "resolved": "https://registry.npmjs.org/@babel/traverse/-/traverse-7.29.7.tgz",
      "integrity": "sha512-EhlfNQtZ+NK22w5BM61ciuiq1m58ed33Wr1Xan//ZRTy6hgjnwyCffRYwzsGXdASJSUJ1guZILsErh1eQcl+zw==",
      "dev": true,
      "license": "MIT",
      "dependencies": {
        "@babel/code-frame": "^7.29.7",
        "@babel/generator": "^7.29.7",
        "@babel/helper-globals": "^7.29.7",
        "@babel/parser": "^7.29.7",
        "@babel/template": "^7.29.7",
        "@babel/types": "^7.29.7",
        "debug": "^4.3.1"
      },
      "engines": {
        "node": ">=6.9.0"
      }
    },
    "node_modules/@babel/types": {
      "version": "7.29.7",
      "resolved": "https://registry.npmjs.org/@babel/types/-/types-7.29.7.tgz",
      "integrity": "sha512-4zBIxpPzowiZpusoFkyGVwakdRJUyuH5PxQ/PrqghfdFWWasvnCdPfQXHrenDai+gyLARulZjZowCOj6fjT4pA==",
      "dev": true,
      "license": "MIT",
      "dependencies": {
        "@babel/helper-string-parser": "^7.29.7",
        "@babel/helper-validator-identifier": "^7.29.7"
      },
      "engines": {
        "node": ">=6.9.0"
      }
    },
    "node_modules/@ecies/ciphers": {
      "version": "0.2.6",
      "resolved": "https://registry.npmjs.org/@ecies/ciphers/-/ciphers-0.2.6.tgz",
      "integrity": "sha512-patgsRPKGkhhoBjETV4XxD0En4ui5fbX0hzayqI3M8tvNMGUoUvmyYAIWwlxBc1KX5cturfqByYdj5bYGRpN9g==",
      "dev": true,
      "license": "MIT",
      "engines": {
        "bun": ">=1",
        "deno": ">=2.7.10",
        "node": ">=16"
      },
      "peerDependencies": {
        "@noble/ciphers": "^1.0.0"
      }
    },
    "node_modules/@emnapi/core": {
      "version": "1.10.0",
      "resolved": "https://registry.npmjs.org/@emnapi/core/-/core-1.10.0.tgz",
      "integrity": "sha512-yq6OkJ4p82CAfPl0u9mQebQHKPJkY7WrIuk205cTYnYe+k2Z8YBh11FrbRG/H6ihirqcacOgl2BIO8oyMQLeXw==",
      "dev": true,
      "license": "MIT",
      "optional": true,
      "dependencies": {
        "@emnapi/wasi-threads": "1.2.1",
        "tslib": "^2.4.0"
      }
    },
    "node_modules/@emnapi/runtime": {
      "version": "1.11.2",
      "resolved": "https://registry.npmjs.org/@emnapi/runtime/-/runtime-1.11.2.tgz",
      "integrity": "sha512-kyOl3X0DuTiT1h2ft8r2fYO8JYtU9a9Xis/zBSiGArNaagCOWx90N1k2wxp18czFDH+OgcWGb5ZP/XMt3dcyPA==",
      "license": "MIT",
      "optional": true,
      "dependencies": {
        "tslib": "^2.4.0"
      }
    },
    "node_modules/@emnapi/wasi-threads": {
      "version": "1.2.1",
      "resolved": "https://registry.npmjs.org/@emnapi/wasi-threads/-/wasi-threads-1.2.1.tgz",
      "integrity": "sha512-uTII7OYF+/Mes/MrcIOYp5yOtSMLBWSIoLPpcgwipoiKbli6k322tcoFsxoIIxPDqW01SQGAgko4EzZi2BNv2w==",
      "dev": true,
      "license": "MIT",
      "optional": true,
      "dependencies": {
        "tslib": "^2.4.0"
      }
    },
    "node_modules/@eslint-community/eslint-utils": {
      "version": "4.9.1",
      "resolved": "https://registry.npmjs.org/@eslint-community/eslint-utils/-/eslint-utils-4.9.1.tgz",
      "integrity": "sha512-phrYmNiYppR7znFEdqgfWHXR6NCkZEK7hwWDHZUjit/2/U0r6XvkDl0SYnoM51Hq7FhCGdLDT6zxCCOY1hexsQ==",
      "dev": true,
      "license": "MIT",
      "dependencies": {
        "eslint-visitor-keys": "^3.4.3"
      },
      "engines": {
        "node": "^12.22.0 || ^14.17.0 || >=16.0.0"
      },
      "funding": {
        "url": "https://opencollective.com/eslint"
      },
      "peerDependencies": {
        "eslint": "^6.0.0 || ^7.0.0 || >=8.0.0"
      }
    },
    "node_modules/@eslint-community/eslint-utils/node_modules/eslint-visitor-keys": {
      "version": "3.4.3",
      "resolved": "https://registry.npmjs.org/eslint-visitor-keys/-/eslint-visitor-keys-3.4.3.tgz",
      "integrity": "sha512-wpc+LXeiyiisxPlEkUzU6svyS1frIO3Mgxj1fdy7Pm8Ygzguax2N3Fa/D/ag1WqbOprdI+uY6wMUl8/a2G+iag==",
      "dev": true,
      "license": "Apache-2.0",
      "engines": {
        "node": "^12.22.0 || ^14.17.0 || >=16.0.0"
      },
      "funding": {
        "url": "https://opencollective.com/eslint"
      }
    },
    "node_modules/@eslint-community/regexpp": {
      "version": "4.12.2",
      "resolved": "https://registry.npmjs.org/@eslint-community/regexpp/-/regexpp-4.12.2.tgz",
      "integrity": "sha512-EriSTlt5OC9/7SXkRSCAhfSxxoSUgBm33OH+IkwbdpgoqsSsUg7y3uh+IICI/Qg4BBWr3U2i39RpmycbxMq4ew==",
      "dev": true,
      "license": "MIT",
      "engines": {
        "node": "^12.0.0 || ^14.0.0 || >=16.0.0"
      }
    },
    "node_modules/@eslint/config-array": {
      "version": "0.21.2",
      "resolved": "https://registry.npmjs.org/@eslint/config-array/-/config-array-0.21.2.tgz",
      "integrity": "sha512-nJl2KGTlrf9GjLimgIru+V/mzgSK0ABCDQRvxw5BjURL7WfH5uoWmizbH7QB6MmnMBd8cIC9uceWnezL1VZWWw==",
      "dev": true,
      "license": "Apache-2.0",
      "dependencies": {
        "@eslint/object-schema": "^2.1.7",
        "debug": "^4.3.1",
        "minimatch": "^3.1.5"
      },
      "engines": {
        "node": "^18.18.0 || ^20.9.0 || >=21.1.0"
      }
    },
    "node_modules/@eslint/config-helpers": {
      "version": "0.4.2",
      "resolved": "https://registry.npmjs.org/@eslint/config-helpers/-/config-helpers-0.4.2.tgz",
      "integrity": "sha512-gBrxN88gOIf3R7ja5K9slwNayVcZgK6SOUORm2uBzTeIEfeVaIhOpCtTox3P6R7o2jLFwLFTLnC7kU/RGcYEgw==",
      "dev": true,
      "license": "Apache-2.0",
      "dependencies": {
        "@eslint/core": "^0.17.0"
      },
      "engines": {
        "node": "^18.18.0 || ^20.9.0 || >=21.1.0"
      }
    },
    "node_modules/@eslint/core": {
      "version": "0.17.0",
      "resolved": "https://registry.npmjs.org/@eslint/core/-/core-0.17.0.tgz",
      "integrity": "sha512-yL/sLrpmtDaFEiUj1osRP4TI2MDz1AddJL+jZ7KSqvBuliN4xqYY54IfdN8qD8Toa6g1iloph1fxQNkjOxrrpQ==",
      "dev": true,
      "license": "Apache-2.0",
      "dependencies": {
        "@types/json-schema": "^7.0.15"
      },
      "engines": {
        "node": "^18.18.0 || ^20.9.0 || >=21.1.0"
      }
    },
    "node_modules/@eslint/eslintrc": {
      "version": "3.3.6",
      "resolved": "https://registry.npmjs.org/@eslint/eslintrc/-/eslintrc-3.3.6.tgz",
      "integrity": "sha512-l2Ul9PrHsPCKcEY/ó}ºÞÚ$z{-®éÜj×F–ærÖÆ–çW‚Ö&ÒÖ×W6ÆV&–†b#¢#ã"ã""ÀÐ¢$Vç'2÷&W6öÇfW"Ö&–æF–ærÖÆ–çW‚Ö&ÓcBÖvçR#¢#ã"ã""ÀÐ¢$Vç'2÷&W6öÇfW"Ö&–æF–ærÖÆ–çW‚Ö&ÓcBÖ×W6Â#¢#ã"ã""ÀÐ¢$Vç'2÷&W6öÇfW"Ö&–æF–ærÖÆ–çW‚ÖÆööæscBÖvçR#¢#ã"ã""ÀÐ¢$Vç'2÷&W6öÇfW"Ö&–æF–ærÖÆ–çW‚ÖÆööæscBÖ×W6Â#¢#ã"ã""ÀÐ¢$Vç'2÷&W6öÇfW"Ö&–æF–ærÖÆ–çW‚×3cBÖvçR#¢#ã"ã""ÀÐ¢$Vç'2÷&W6öÇfW"Ö&–æF–ærÖÆ–çW‚×&—67ccBÖvçR#¢#ã"ã""ÀÐ¢$Vç'2÷&W6öÇfW"Ö&–æF–ærÖÆ–çW‚×&—67ccBÖ×W6Â#¢#ã"ã""ÀÐ¢$Vç'2÷&W6öÇfW"Ö&–æF–ærÖÆ–çW‚×33“‚ÖvçR#¢#ã"ã""ÀÐ¢$Vç'2÷&W6öÇfW"Ö&–æF–ærÖÆ–çW‚×ƒcBÖvçR#¢#ã"ã""ÀÐ¢$Vç'2÷&W6öÇfW"Ö&–æF–ærÖÆ–çW‚×ƒcBÖ×W6Â#¢#ã"ã""ÀÐ¢$Vç'2÷&W6öÇfW"Ö&–æF–ærÖ÷Væ†&Ööç’Ö&ÓcB#¢#ã"ã""ÀÐ¢$Vç'2÷&W6öÇfW"Ö&–æF–ær×v6Ó3"×v6’#¢#ã"ã""ÀÐ¢$Vç'2÷&W6öÇfW"Ö&–æF–ær×v–ã3"Ö&ÓcBÖ×7f2#¢#ã"ã""ÀÐ¢$Vç'2÷&W6öÇfW"Ö&–æF–ær×v–ã3"Ö–3"Ö×7f2#¢#ã"ã""ÀÐ¢$Vç'2÷&W6öÇfW"Ö&–æF–ær×v–ã3"×ƒcBÖ×7f2#¢#ã"ã" Ð¢ÐÐ¢ÒÀÐ¢&æöFUöÖöGVÆW2÷WFFRÖ'&÷w6W'6Æ—7BÖF"#¢°Ð¢'fW'6–öâ#¢#ã"ã2"ÀÐ¢'&W6öÇfVB#¢&‡GG3¢ò÷&Vv—7G'’æçÖ§2æ÷&r÷WFFRÖ'&÷w6W'6Æ—7BÖF"òÒ÷WFFRÖ'&÷w6W'6Æ—7BÖF"Óã"ã2çFw¢"ÀÐ¢&–çFVw&—G’#¢'6†S"Ô§3Ó–7‚·ötG†óTÖ”dtWVUw§G¢¶CB´Ó7$vÆÔµBµCD•2ö¥G–Çs4çwSf7EE…#Ô3´cEf&DÇC4&c#—sÓÒ"ÀÐ¢&FWb#¢G'VRÀÐ¢&gVæF–ær#¢°Ð¢°Ð¢'G—R#¢&÷Væ6öÆÆV7F—fR"ÀÐ¢'W&Â#¢&‡GG3¢òö÷Væ6öÆÆV7F—fRæ6öÒö'&÷w6W'6Æ—7B Ð¢ÒÀÐ¢°Ð¢'G—R#¢'F–FVÆ–gB"ÀÐ¢'W&Â#¢&‡GG3¢ò÷F–FVÆ–gBæ6öÒögVæF–æröv—F‡V"öçÒö'&÷w6W'6Æ—7B Ð¢ÒÀÐ¢°Ð¢'G—R#¢&v—F‡V""ÀÐ¢'W&Â#¢&‡GG3¢òöv—F‡V"æ6öÒ÷7öç6÷'2ö’ Ð¢ÐÐ¢ÒÀÐ¢&Æ–6Vç6R#¢$Ô•B"ÀÐ¢&FWVæFVæ6–W2#¢°Ð¢&W66ÆFR#¢%ã2ã"ã"ÀÐ¢'–6ö6öÆ÷'2#¢%ããã Ð¢ÒÀÐ¢&&–â#¢°Ð¢'WFFRÖ'&÷w6W'6Æ—7BÖF"#¢&6Æ’æ§2 Ð¢ÒÀÐ¢'VW$FWVæFVæ6–W2#¢°Ð¢&'&÷w6W'6Æ—7B#¢#ãÒBã#ã Ð¢ÐÐ¢ÒÀÐ¢&æöFUöÖöGVÆW2÷W&’Ö§2#¢°Ð¢'fW'6–öâ#¢#BãBã"ÀÐ¢'&W6öÇfVB#¢&‡GG3¢ò÷&Vv—7G'’æçÖ§2æ÷&r÷W&’Ö§2òÒ÷W&’Ö§2ÓBãBãçFw¢"ÀÐ¢&–çFVw&—G’#¢'6†S"Ów$µW—“35–3“‡DÔÇGuƒ”cuD–evÅs–Fó…vÃ–“6T†–VVƒ„†eTÃ&dÕ„³g£3†V4·3–g$7TÄ§fæD&sÓÒ"ÀÐ¢&FWb#¢G'VRÀÐ¢&Æ–6Vç6R#¢$%4BÓ"Ô6ÆW6R"ÀÐ¢&FWVæFVæ6–W2#¢°Ð¢'Vç–6öFR#¢%ã"ãã Ð¢ÐÐ¢ÒÀÐ¢&æöFUöÖöGVÆW2÷f—FR#¢°Ð¢'fW'6–öâ#¢#‚ããB"ÀÐ¢'&W6öÇfVB#¢&‡GG3¢ò÷&Vv—7G'’æçÖ§2æ÷&r÷f—FRòÒ÷f—FRÓ‚ããBçFw¢"ÀÐ¢&–çFVw&—G’#¢'6†S"Ö%EC•6Etò´ÕÔäs•¥„•÷Ó—tvƒ3tDg…Eb÷5–4g‡#7sF¦¶vVc3%´Ã–¤†³4ç£„ås4ó†ãb÷„f·óEÓÒ"ÀÐ¢&FWb#¢G'VRÀÐ¢&Æ–6Vç6R#¢$Ô•B"ÀÐ¢&FWVæFVæ6–W2#¢°Ð¢&Æ–v‡Fæ–æv772#¢%ãã3"ã"ÀÐ¢'–6öÖF6‚#¢%ãBããR"ÀÐ¢'÷7F772#¢%ã‚ãRãb"ÀÐ¢'&öÆÆF÷vâ#¢'ãããB"ÀÐ¢'F–ç–vÆö&'’#¢%ãã"ãr Ð¢ÒÀÐ¢&&–â#¢°Ð¢'f—FR#¢&&–â÷f—FRæ§2 Ð¢ÒÀÐ¢&Væv–æW2#¢°Ð¢&æöFR#¢%ã#ã’ãÇÂãÓ#"ã"ã Ð¢ÒÀÐ¢&gVæF–ær#¢°Ð¢'W&Â#¢&‡GG3¢òöv—F‡V"æ6öÒ÷f—FV§2÷f—FS÷7öç6÷#Ó Ð¢ÒÀÐ¢&÷F–öæÄFWVæFVæ6–W2#¢°Ð¢&g6WfVçG2#¢'ã"ã2ã2 Ð¢ÒÀÐ¢'VW$FWVæFVæ6–W2#¢°Ð¢$G—W2öæöFR#¢%ã#ã’ãÇÂãÓ#"ã"ã"ÀÐ¢$f—FV§2öFWgFööÇ2#¢%ãã2ã"ÀÐ¢&W6'V–ÆB#¢%ãã#rãÇÂãã#‚ã"ÀÐ¢&¦—F’#¢#ãÓã#ã"ÀÐ¢&ÆW72#¢%ãBãã"ÀÐ¢'672#¢%ããsã"ÀÐ¢'672ÖVÖ&VFFVB#¢%ããsã"ÀÐ¢'7G–ÇW2#¢#ãÓãSBã‚"ÀÐ¢'7Vv'72#¢%ãRãã"ÀÐ¢'FW'6W"#¢%ãRãbã"ÀÐ¢'G7‚#¢%ãBã‚ã"ÀÐ¢'–ÖÂ#¢%ã"ãBã" Ð¢ÒÀÐ¢'VW$FWVæFVæ6–W4ÖWF#¢°Ð¢$G—W2öæöFR#¢°Ð¢&÷F–öæÂ#¢G'VPÐ¢ÒÀÐ¢$f—FV§2öFWgFööÇ2#¢°Ð¢&÷F–öæÂ#¢G'VPÐ¢ÒÀÐ¢&W6'V–ÆB#¢°Ð¢&÷F–öæÂ#¢G'VPÐ¢ÒÀÐ¢&¦—F’#¢°Ð¢&÷F–öæÂ#¢G'VPÐ¢ÒÀÐ¢&ÆW72#¢°Ð¢&÷F–öæÂ#¢G'VPÐ¢ÒÀÐ¢'672#¢°Ð¢&÷F–öæÂ#¢G'VPÐ¢ÒÀÐ¢'672ÖVÖ&VFFVB#¢°Ð¢&÷F–öæÂ#¢G'VPÐ¢ÒÀÐ¢'7G–ÇW2#¢°Ð¢&÷F–öæÂ#¢G'VPÐ¢ÒÀÐ¢'7Vv'72#¢°Ð¢&÷F–öæÂ#¢G'VPÐ¢ÒÀÐ¢'FW'6W"#¢°Ð¢&÷F–öæÂ#¢G'VPÐ¢ÒÀÐ¢'G7‚#¢°Ð¢&÷F–öæÂ#¢G'VPÐ¢ÒÀÐ¢'–ÖÂ#¢°Ð¢&÷F–öæÂ#¢G'VPÐ¢ÐÐ¢ÐÐ¢ÒÀÐ¢&æöFUöÖöGVÆW2÷f—FRöæöFUöÖöGVÆW2÷–6öÖF6‚#¢°Ð¢'fW'6–öâ#¢#BããR"ÀÐ¢'&W6öÇfVB#¢&‡GG3¢ò÷&Vv—7G'’æçÖ§2æ÷&r÷–6öÖF6‚òÒ÷–6öÖF6‚ÓBããRçFw¢"ÀÐ¢&–çFVw&—G’#¢'6†S"Õ'gwv7'Tæ¤“æ5CW…&¶W•3”Æc†Æ4—Gc3D´B¶–bµdƒ–¶GT–e”&—vƒ##sG‡FVä•£’õ#”&ED&†tu6ƒÓÒ"ÀÐ¢&FWb#¢G'VRÀÐ¢&Æ–6Vç6R#¢$Ô•B"ÀÐ¢&Væv–æW2#¢°Ð¢&æöFR#¢#ãÓ" Ð¢ÒÀÐ¢&gVæF–ær#¢°Ð¢'W&Â#¢&‡GG3¢òöv—F‡V"æ6öÒ÷7öç6÷'2ö¦öç66†Æ–æ¶W'B Ð¢ÐÐ¢ÒÀÐ¢&æöFUöÖöGVÆW2÷f—FW7B#¢°Ð¢'fW'6–öâ#¢#Bãã"ÀÐ¢'&W6öÇfVB#¢&‡GG3¢ò÷&Vv—7G'’æçÖ§2æ÷&r÷f—FW7BòÒ÷f—FW7BÓBããçFw¢"ÀÐ¢&–çFVw&—G’#¢'6†S"Õ#–¥UFSU3E#„6CEDç3vôv7$×74Õ$u„ÅsƒV&¥w5s•dƒTtc‡““4dÅ“”'6³fçCä÷ƒDƒEtä¥•£4uUsÓÒ"ÀÐ¢&FWb#¢G'VRÀÐ¢&Æ–6Vç6R#¢$Ô•B"ÀÐ¢&FWVæFVæ6–W2#¢°Ð¢$f—FW7BöW‡V7B#¢#Bãã"ÀÐ¢$f—FW7BöÖö6¶W"#¢#Bãã"ÀÐ¢$f—FW7B÷&WGG’Öf÷&ÖB#¢#Bãã"ÀÐ¢$f—FW7B÷'VææW"#¢#Bãã"ÀÐ¢$f—FW7B÷6æ6†÷B#¢#Bãã"ÀÐ¢$f—FW7B÷7’#¢#Bãã"ÀÐ¢$f—FW7B÷WF–Ç2#¢#Bãã"ÀÐ¢&W2ÖÖöGVÆRÖÆW†W"#¢%ã"ãã"ÀÐ¢&W‡V7B×G—R#¢%ãã2ã"ÀÐ¢&Öv–2×7G&–ær#¢%ãã3ã#"ÀÐ¢&ö'Vr#¢%ã"ãã"ÀÐ¢'F†R#¢%ã"ãã2"ÀÐ¢'–6öÖF6‚#¢%ãBãã2"ÀÐ¢'7FBÖVçb#¢%ãBãã×&2ã"ÀÐ¢'F–ç–&Væ6‚#¢%ã"ã’ã"ÀÐ¢'F–ç–W†V2#¢%ããã""ÀÐ¢'F–ç–vÆö&'’#¢%ãã"ãR"ÀÐ¢'F–ç—&–æ&÷r#¢%ã2ãã"ÀÐ¢'f—FR#¢%ãbããÇÂãrããÇÂã‚ãã"ÀÐ¢'v‡’Ö—2ÖæöFR×'Vææ–ær#¢%ã"ã2ã Ð¢ÒÀÐ¢&&–â#¢°Ð¢'f—FW7B#¢'f—FW7BæÖ§2 Ð¢ÒÀÐ¢&Væv–æW2#¢°Ð¢&æöFR#¢%ã#ããÇÂã#"ããÇÂãÓ#Bãã Ð¢ÒÀÐ¢&gVæF–ær#¢°Ð¢'W&Â#¢&‡GG3¢òö÷Væ6öÆÆV7F—fRæ6öÒ÷f—FW7B Ð¢ÒÀÐ¢'VW$FWVæFVæ6–W2#¢°Ð¢$VFvR×'VçF–ÖR÷fÒ#¢"¢"ÀÐ¢$÷VçFVÆVÖWG'’ö’#¢%ãã’ã"ÀÐ¢$G—W2öæöFR#¢%ã#ããÇÂã#"ããÇÂãÓ#Bãã"ÀÐ¢$f—FW7Bö'&÷w6W"×Æ—w&–v‡B#¢#Bãã"ÀÐ¢$f—FW7Bö'&÷w6W"×&Wf–Wr#¢#Bãã"ÀÐ¢$f—FW7Bö'&÷w6W"×vV&G&—fW&–ò#¢#Bãã"ÀÐ¢$f—FW7Bö6÷fW&vRÖ—7Fæ'VÂ#¢#Bãã"ÀÐ¢$f—FW7Bö6÷fW&vR×c‚#¢#Bãã"ÀÐ¢$f—FW7B÷V’#¢#Bãã"ÀÐ¢&†’ÖFöÒ#¢"¢"ÀÐ¢&§6FöÒ#¢"¢"ÀÐ¢'f—FR#¢%ãbããÇÂãrããÇÂã‚ãã Ð¢ÒÀÐ¢'VW$FWVæFVæ6–W4ÖWF#¢°Ð¢$VFvR×'VçF–ÖR÷fÒ#¢°Ð¢&÷F–öæÂ#¢G'VPÐ¢ÒÀÐ¢$÷VçFVÆVÖWG'’ö’#¢°Ð¢&÷F–öæÂ#¢G'VPÐ¢ÒÀÐ¢$G—W2öæöFR#¢°Ð¢&÷F–öæÂ#¢G'VPÐ¢ÒÀÐ¢$f—FW7Bö'&÷w6W"×Æ—w&–v‡B#¢°Ð¢&÷F–öæÂ#¢G'VPÐ¢ÒÀÐ¢$f—FW7Bö'&÷w6W"×&Wf–Wr#¢°Ð¢&÷F–öæÂ#¢G'VPÐ¢ÒÀÐ¢$f—FW7Bö'&÷w6W"×vV&G&—fW&–ò#¢°Ð¢&÷F–öæÂ#¢G'VPÐ¢ÒÀÐ¢$f—FW7Bö6÷fW&vRÖ—7Fæ'VÂ#¢°Ð¢&÷F–öæÂ#¢G'VPÐ¢ÒÀÐ¢$f—FW7Bö6÷fW&vR×c‚#¢°Ð¢&÷F–öæÂ#¢G'VPÐ¢ÒÀÐ¢$f—FW7B÷V’#¢°Ð¢&÷F–öæÂ#¢G'VPÐ¢ÒÀÐ¢&†’ÖFöÒ#¢°Ð¢&÷F–öæÂ#¢G'VPÐ¢ÒÀÐ¢&§6FöÒ#¢°Ð¢&÷F–öæÂ#¢G'VPÐ¢ÒÀÐ¢'f—FR#¢°Ð¢&÷F–öæÂ#¢fÇ6PÐ¢ÐÐ¢ÐÐ¢ÒÀÐ¢&æöFUöÖöGVÆW2÷f—FW7BöæöFUöÖöGVÆW2÷–6öÖF6‚#¢°Ð¢'fW'6–öâ#¢#BããR"ÀÐ¢'&W6öÇfVB#¢&‡GG3¢ò÷&Vv—7G'’æçÖ§2æ÷&r÷–6öÖF6‚òÒ÷–6öÖF6‚ÓBããRçFw¢"ÀÐ¢&–çFVw&—G’#¢'6†S"Õ'gwv7'Tæ¤“æ5CW…&¶W•3”Æc†Æ4—Gc3D´B¶–bµdƒ–¶GT–e”&—vƒ##sG‡FVä•£’õ#”&ED&†tu6ƒÓÒ"ÀÐ¢&FWb#¢G'VRÀÐ¢&Æ–6Vç6R#¢$Ô•B"ÀÐ¢&Væv–æW2#¢°Ð¢&æöFR#¢#ãÓ" Ð¢ÒÀÐ¢&gVæF–ær#¢°Ð¢'W&Â#¢&‡GG3¢òöv—F‡V"æ6öÒ÷7öç6÷'2ö¦öç66†Æ–æ¶W'B Ð¢ÐÐ¢ÒÀÐ¢&æöFUöÖöGVÆW2÷v†GvrÖVæ6öF–ær#¢°Ð¢'fW'6–öâ#¢#2ãã"ÀÐ¢'&W6öÇfVB#¢&‡GG3¢ò÷&Vv—7G'’æçÖ§2æ÷&r÷v†GvrÖVæ6öF–æròÒ÷v†GvrÖVæ6öF–ærÓ2ããçFw¢"ÀÐ¢&–çFVw&—G’#¢'6†S"ÓgãF„¦D×ve”'DS5”%ED††öWUW$D%¦Ö%…t4ÅbôÖTVå#W£†C…T·VC%$´fõ¶Ô"¶†Æ“E¥6ç–“ƒG‡£eÓÒ"ÀÐ¢&FW&V6FVB#¢%W6RW†öGW2ö'—FW2–ç7FVBf÷"Ö÷&R7V2Ö6öæf÷&ÖçBæBf7FW"–×ÆVÖVçFF–öâ"ÀÐ¢&Æ–6Vç6R#¢$Ô•B"ÀÐ¢&FWVæFVæ6–W2#¢°Ð¢&–6öçbÖÆ—FR#¢#ãbã2 Ð¢ÒÀÐ¢&Væv–æW2#¢°Ð¢&æöFR#¢#ãÓ‚ Ð¢ÐÐ¢ÒÀÐ¢&æöFUöÖöGVÆW2÷v†GvrÖÖ–ÖWG—R#¢°Ð¢'fW'6–öâ#¢#Bãã"ÀÐ¢'&W6öÇfVB#¢&‡GG3¢ò÷&Vv—7G'’æçÖ§2æ÷&r÷v†GvrÖÖ–ÖWG—RòÒ÷v†GvrÖÖ–ÖWG—RÓBããçFw¢"ÀÐ¢&–çFVw&—G’#¢'6†S"Õ·†ƒTä–“&ÔS—'dVG¦ftô´„66££SdTT„uõg‡‡#’ö—7¤ÅUUcwcƒ—ƒ”óõB´æÅDÓUsv¥sb¶7£Dg•fsÓÒ"ÀÐ¢&Æ–6Vç6R#¢$Ô•B"ÀÐ¢&Væv–æW2#¢°Ð¢&æöFR#¢#ãÓ‚ Ð¢ÐÐ¢ÒÀÐ¢&æöFUöÖöGVÆW2÷v†–6‚#¢°Ð¢'fW'6–öâ#¢#"ãã""ÀÐ¢'&W6öÇfVB#¢&‡GG3¢ò÷&Vv—7G'’æçÖ§2æ÷&r÷v†–6‚òÒ÷v†–6‚Ó"ãã"çFw¢"ÀÐ¢&–çFVw&—G’#¢'6†S"Ô$Ä“5FÃEs5fÃsÃ7—5“cF’¶wu‡4t%•v¶·×Fæ%†w$ÔB·–£w&…s·TTG‡¤¦•„v¤UsVöv´äÔT´äÖ¦–$ÓÒ"ÀÐ¢&FWb#¢G'VRÀÐ¢&Æ–6Vç6R#¢$•42"ÀÐ¢&FWVæFVæ6–W2#¢°Ð¢&—6W†R#¢%ã"ãã Ð¢ÒÀÐ¢&&–â#¢°Ð¢&æöFR×v†–6‚#¢&&–âöæöFR×v†–6‚ Ð¢ÒÀÐ¢&Væv–æW2#¢°Ð¢&æöFR#¢#ãÒ‚ Ð¢ÐÐ¢ÒÀÐ¢&æöFUöÖöGVÆW2÷v†–6‚Ö&÷†VB×&–Ö—F—fR#¢°Ð¢'fW'6–öâ#¢#ãã"ÀÐ¢'&W6öÇfVB#¢&‡GG3¢ò÷&Vv—7G'’æçÖ§2æ÷&r÷v†–6‚Ö&÷†VB×&–Ö—F—fRòÒ÷v†–6‚Ö&÷†VB×&–Ö—F—fRÓããçFw¢"ÀÐ¢&–çFVw&—G’#¢'6†S"ÕF%ƒ6Ö£†ãöD4$efÅ“„†·4„7s4Ãc¤—Tc†¤es†£43%–†Ôwg$„'¥E$ƒ"÷‡—Vç$£–s¥7–¤6§õw¤”ÓÒ"ÀÐ¢&FWb#¢G'VRÀÐ¢&Æ–6Vç6R#¢$Ô•B"ÀÐ¢&FWVæFVæ6–W2#¢°Ð¢&—2Ö&–v–çB#¢%ããã"ÀÐ¢&—2Ö&ööÆVâÖö&¦V7B#¢%ãã"ã"ÀÐ¢&—2ÖçVÖ&W"Öö&¦V7B#¢%ããã"ÀÐ¢&—2×7G&–ær#¢%ããã"ÀÐ¢&—2×7–Ö&öÂ#¢%ããã Ð¢ÒÀÐ¢&Væv–æW2#¢°Ð¢&æöFR#¢#ãÒãB Ð¢ÒÀÐ¢&gVæF–ær#¢°Ð¢'W&Â#¢&‡GG3¢òöv—F‡V"æ6öÒ÷7öç6÷'2öÆ¦†&" Ð¢ÐÐ¢ÒÀÐ¢&æöFUöÖöGVÆW2÷v†–6‚Ö'V–ÇF–â×G—R#¢°Ð¢'fW'6–öâ#¢#ã"ã"ÀÐ¢'&W6öÇfVB#¢&‡GG3¢ò÷&Vv—7G'’æçÖ§2æ÷&r÷v†–6‚Ö'V–ÇF–â×G—RòÒ÷v†–6‚Ö'V–ÇF–â×G—RÓã"ãçFw¢"ÀÐ¢&–çFVw&—G’#¢'6†S"Óf”&7¦õ‚¶´Ev2µ”¤&æƒ5B´µ¥'„Òö•”å†–7³cbõfÓ#“6—R·”ô–Ö¶s¤†&£TÄäö4çcDTF•£†3D#GeÓÒ"ÀÐ¢&FWb#¢G'VRÀÐ¢&Æ–6Vç6R#¢$Ô•B"ÀÐ¢&FWVæFVæ6–W2#¢°Ð¢&6ÆÂÖ&÷VæB#¢%ããã""ÀÐ¢&gVæ7F–öâç&÷F÷G—RææÖR#¢%ãããb"ÀÐ¢&†2×F÷7G&–æwFr#¢%ããã""ÀÐ¢&—2Ö7–æ2ÖgVæ7F–öâ#¢%ã"ãã"ÀÐ¢&—2ÖFFRÖö&¦V7B#¢%ããã"ÀÐ¢&—2Öf–æÆ—¦F–öç&Vv—7G'’#¢%ããã"ÀÐ¢&—2ÖvVæW&F÷"ÖgVæ7F–öâ#¢%ããã"ÀÐ¢&—2×&VvW‚#¢%ãã"ã"ÀÐ¢&—2×vV·&Vb#¢%ããã""ÀÐ¢&—6'&’#¢%ã"ããR"ÀÐ¢'v†–6‚Ö&÷†VB×&–Ö—F—fR#¢%ããã"ÀÐ¢'v†–6‚Ö6öÆÆV7F–öâ#¢%ããã""ÀÐ¢'v†–6‚×G—VBÖ'&’#¢%ãããb Ð¢ÒÀÐ¢&Væv–æW2#¢°Ð¢&æöFR#¢#ãÒãB Ð¢ÒÀÐ¢&gVæF–ær#¢°Ð¢'W&Â#¢&‡GG3¢òöv—F‡V"æ6öÒ÷7öç6÷'2öÆ¦†&" Ð¢ÐÐ¢ÒÀÐ¢&æöFUöÖöGVÆW2÷v†–6‚Ö6öÆÆV7F–öâ#¢°Ð¢'fW'6–öâ#¢#ãã""ÀÐ¢'&W6öÇfVB#¢&‡GG3¢ò÷&Vv—7G'’æçÖ§2æ÷&r÷v†–6‚Ö6öÆÆV7F–öâòÒ÷v†–6‚Ö6öÆÆV7F–öâÓãã"çFw¢"ÀÐ¢&–çFVw&—G’#¢'6†S"Ô³F¥g–¦ä&Fwf3ƒe“d&¶Å¤Tã“357u”÷T$f¶FÔ'S•¦f¶4&Ef'•FäFÖ§e¢ö¥%…'cTUµFäC33”v–—&æt7sÓÒ"ÀÐ¢&FWb#¢G'VRÀÐ¢&Æ–6Vç6R#¢$Ô•B"ÀÐ¢&FWVæFVæ6–W2#¢°Ð¢&—2ÖÖ#¢%ã"ãã2"ÀÐ¢&—2×6WB#¢%ã"ãã2"ÀÐ¢&—2×vV¶Ö#¢%ã"ãã""ÀÐ¢&—2×vV·6WB#¢%ã"ãã2 Ð¢ÒÀÐ¢&Væv–æW2#¢°Ð¢&æöFR#¢#ãÒãB Ð¢ÒÀÐ¢&gVæF–ær#¢°Ð¢'W&Â#¢&‡GG3¢òöv—F‡V"æ6öÒ÷7öç6÷'2öÆ¦†&" Ð¢ÐÐ¢ÒÀÐ¢&æöFUöÖöGVÆW2÷v†–6‚×G—VBÖ'&’#¢°Ð¢'fW'6–öâ#¢#ãã#""ÀÐ¢'&W6öÇfVB#¢&‡GG3¢ò÷&Vv—7G'’æçÖ§2æ÷&r÷v†–6‚×G—VBÖ'&’òÒ÷v†–6‚×G—VBÖ'&’Óãã#"çFw¢"ÀÐ¢&–çFVw&—G’#¢'6†S"ÖgdóDW…tÔg7–„s4•ö$×U“Ç†u–7†&3C”4æEtDDT4ô¤æu—g4õugv%¦2·c7'¥'G†ö¤$²´4ÔWcÆCT5—sÓÒ"ÀÐ¢&FWb#¢G'VRÀÐ¢&Æ–6Vç6R#¢$Ô•B"ÀÐ¢&FWVæFVæ6–W2#¢°Ð¢&f–Æ&ÆR×G—VBÖ'&—2#¢%ãããr"ÀÐ¢&6ÆÂÖ&–æB#¢%ããã’"ÀÐ¢&6ÆÂÖ&÷VæB#¢%ãããB"ÀÐ¢&f÷"ÖV6‚#¢%ãã2ãR"ÀÐ¢&vWB×&÷Fò#¢%ããã"ÀÐ¢&v÷B#¢%ãã"ã"ÀÐ¢&†2×F÷7G&–æwFr#¢%ããã" Ð¢ÒÀÐ¢&Væv–æW2#¢°Ð¢&æöFR#¢#ãÒãB Ð¢ÒÀÐ¢&gVæF–ær#¢°Ð¢'W&Â#¢&‡GG3¢òöv—F‡V"æ6öÒ÷7öç6÷'2öÆ¦†&" Ð¢ÐÐ¢ÒÀÐ¢&æöFUöÖöGVÆW2÷v‡’Ö—2ÖæöFR×'Vææ–ær#¢°Ð¢'fW'6–öâ#¢#"ã2ã"ÀÐ¢'&W6öÇfVB#¢&‡GG3¢ò÷&Vv—7G'’æçÖ§2æ÷&r÷v‡’Ö—2ÖæöFR×'Vææ–æròÒ÷v‡’Ö—2ÖæöFR×'Vææ–ærÓ"ã2ãçFw¢"ÀÐ¢&–çFVw&—G’#¢'6†S"Ö…W&Öt&EdF7‡e—ç–ƒ—§Vä·¥$õv¦%¥F”ç“†D$V¦µ3vV„TE–%„£u‡fÆ×F'wUF6ÅV”—”â´7•…CEfÖ¶ó†dæÓ‡sÓÒ"ÀÐ¢&FWb#¢G'VRÀÐ¢&Æ–6Vç6R#¢$Ô•B"ÀÐ¢&FWVæFVæ6–W2#¢°Ð¢'6–v–æfò#¢%ã"ãã"ÀÐ¢'7F6¶&6²#¢#ãã" Ð¢ÒÀÐ¢&&–â#¢°Ð¢'v‡’Ö—2ÖæöFR×'Vææ–ær#¢&6Æ’æ§2 Ð¢ÒÀÐ¢&Væv–æW2#¢°Ð¢&æöFR#¢#ãÓ‚ Ð¢ÐÐ¢ÒÀÐ¢&æöFUöÖöGVÆW2÷v÷&B×w&#¢°Ð¢'fW'6–öâ#¢#ã"ãR"ÀÐ¢'&W6öÇfVB#¢&‡GG3¢ò÷&Vv—7G'’æçÖ§2æ÷&r÷v÷&B×w&òÒ÷v÷&B×w&Óã"ãRçFw¢"ÀÐ¢&–çFVw&—G’#¢'6†S"Ô$ã#$#VVÔÔ“•T×F§$vCVsVT5•5EW“d¥†%—6CW¥—†¤dö6µ3S55DS7vµfõw……f#4'%–4TãEGvST#V4ÓÒ"ÀÐ¢&FWb#¢G'VRÀÐ¢&Æ–6Vç6R#¢$Ô•B"ÀÐ¢&Væv–æW2#¢°Ð¢&æöFR#¢#ãÓãã Ð¢ÐÐ¢ÒÀÐ¢&æöFUöÖöGVÆW2÷–ÆÆ—7B#¢°Ð¢'fW'6–öâ#¢#2ãã"ÀÐ¢'&W6öÇfVB#¢&‡GG3¢ò÷&Vv—7G'’æçÖ§2æ÷&r÷–ÆÆ—7BòÒ÷–ÆÆ—7BÓ2ããçFw¢"ÀÐ¢&–çFVw&—G’#¢'6†S"ÖETuuƒS–Ôõ…U–äs&Wvæ53F“DcC5Gc4¦ôÒ·3%dDÕ3”ç4³„wDÔÇ$4…·4eCvƒ4³eDöõTæã'#u&õ‡ƒFsÓÒ"ÀÐ¢&FWb#¢G'VRÀÐ¢&Æ–6Vç6R#¢$•42 Ð¢ÒÀÐ¢&æöFUöÖöGVÆW2÷–ö7Fò×VWVR#¢°Ð¢'fW'6–öâ#¢#ãã"ÀÐ¢'&W6öÇfVB#¢&‡GG3¢ò÷&Vv—7G'’æçÖ§2æ÷&r÷–ö7Fò×VWVRòÒ÷–ö7Fò×VWVRÓããçFw¢"ÀÐ¢&–çFVw&—G’#¢'6†S"×%f·7g6ää6D¢öö„v3g†uw”ã†V†T7‡6”ÄÓ†×‡TR÷BöÔõg¦WuTóÖ”ÇD…•&uD´4ÆW„ÃDÖTefwG3t†Ôå£%ÓÒ"ÀÐ¢&FWb#¢G'VRÀÐ¢&Æ–6Vç6R#¢$Ô•B"ÀÐ¢&Væv–æW2#¢°Ð¢&æöFR#¢#ãÓ Ð¢ÒÀÐ¢&gVæF–ær#¢°Ð¢'W&Â#¢&‡GG3¢òöv—F‡V"æ6öÒ÷7öç6÷'2÷6–æG&W6÷&‡W2 Ð¢ÐÐ¢ÒÀÐ¢&æöFUöÖöGVÆW2÷¦öB#¢°Ð¢'fW'6–öâ#¢#BãBã2"ÀÐ¢'&W6öÇfVB#¢&‡GG3¢ò÷&Vv—7G'’æçÖ§2æ÷&r÷¦öBòÒ÷¦öBÓBãBã2çFw¢"ÀÐ¢&–çFVw&—G’#¢'6†S"×—DTäf¤”¤fÃ%Wu–vÆFS&¦6…s$‡vÓDt¤dÄF•5…vEG$¥$”ã”f7—vãDF‡„¤V•tä¤Õcô'verö¶¶ssTF4„§•EÓÒ"ÀÐ¢&Æ–6Vç6R#¢$Ô•B"ÀÐ¢&gVæF–ær#¢°Ð¢'W&Â#¢&‡GG3¢òöv—F‡V"æ6öÒ÷7öç6÷'2ö6öÆ–æ†6·2 Ð¢ÐÐ¢ÒÀÐ¢&æöFUöÖöGVÆW2÷¦öB×fÆ–FF–öâÖW'&÷"#¢°Ð¢'fW'6–öâ#¢#Bãã""ÀÐ¢'&W6öÇfVB#¢&‡GG3¢ò÷&Vv—7G'’æçÖ§2æ÷&r÷¦öB×fÆ–FF–öâÖW'&÷"òÒ÷¦öB×fÆ–FF–öâÖW'&÷"ÓBãã"çFw¢"ÀÐ¢&–çFVw&—G’#¢'6†S"Õböå¤ÆSf§‡USƒ"óGT£GCWc%dU£CFÇ¥¥F…”¤ç§E%Gw•v3edc4C4¶"ödUWE¥æ…36†æ¤6c”75vW6v„ÅÓÒ"ÀÐ¢&FWb#¢G'VRÀÐ¢&Æ–6Vç6R#¢$Ô•B"ÀÐ¢&Væv–æW2#¢°Ð¢&æöFR#¢#ãÓ‚ãã Ð¢ÒÀÐ¢'VW$FWVæFVæ6–W2#¢°Ð¢'¦öB#¢%ã2ã#RãÇÂãBãã Ð¢ÐÐ¢ÐÐ¢ÐÐ§ÐÐ 